// !$*UTF8*$!
{
	archiveVersion = 1;
	classes = {
	};
	objectVersion = 55;
	objects = {

/* Begin PBXBuildFile section */
		558F8E5B28D1F6BC00C17077 /* Real_CardApp.swift in Sources */ = {isa = PBXBuildFile; fileRef = 558F8E5A28D1F6BC00C17077 /* Real_CardApp.swift */; };
		558F8E5D28D1F6BC00C17077 /* ContentView.swift in Sources */ = {isa = PBXBuildFile; fileRef = 558F8E5C28D1F6BC00C17077 /* ContentView.swift */; };
		558F8E5F28D1F6BD00C17077 /* Assets.xcassets in Resources */ = {isa = PBXBuildFile; fileRef = 558F8E5E28D1F6BD00C17077 /* Assets.xcassets */; };
		558F8E6228D1F6BD00C17077 /* Preview Assets.xcassets in Resources */ = {isa = PBXBuildFile; fileRef = 558F8E6128D1F6BD00C17077 /* Preview Assets.xcassets */; };
		558F8E6A28D2089800C17077 /* RC4.swift in Sources */ = {isa = PBXBuildFile; fileRef = 558F8E6928D2089800C17077 /* RC4.swift */; };
		558F8E6D28D21B3900C17077 /* MainModel.swift in Sources */ = {isa = PBXBuildFile; fileRef = 558F8E6C28D21B3900C17077 /* MainModel.swift */; };
		558F8E7028D2206300C17077 /* SwiftWebSocket in Frameworks */ = {isa = PBXBuildFile; productRef = 558F8E6F28D2206300C17077 /* SwiftWebSocket */; };
		558F8E7328D227CB00C17077 /* CardInsertView.swift in Sources */ = {isa = PBXBuildFile; fileRef = 558F8E7228D227CB00C17077 /* CardInsertView.swift */; };
		558F8E7528D2383C00C17077 /* NFCReader.swift in Sources */ = {isa = PBXBuildFile; fileRef = 558F8E7428D2383C00C17077 /* NFCReader.swift */; };
		55BE488628D3641800A04F96 /* Notification.Name+Extension.swift in Sources */ = {isa = PBXBuildFile; fileRef = 55BE488528D3641800A04F96 /* Notification.Name+Extension.swift */; };
/* End PBXBuildFile section */

/* Begin PBXFileReference section */
		558F8E5728D1F6BC00C17077 /* Real Card.app */ = {isa = PBXFileReference; explicitFileType = wrapper.application; includeInIndex = 0; path = "Real Card.app"; sourceTree = BUILT_PRODUCTS_DIR; };
		558F8E5A28D1F6BC00C17077 /* Real_CardApp.swift */ = {isa = PBXFileReference; lastKnownFileType = sourcecode.swift; path = Real_CardApp.swift; sourceTree = "<group>"; };
		558F8E5C28D1F6BC00C17077 /* ContentView.swift */ = {isa = PBXFileReference; lastKnownFileType = sourcecode.swift; path = ContentView.swift; sourceTree = "<group>"; };
		558F8E5E28D1F6BD00C17077 /* Assets.xcassets */ = {isa = PBXFileReference; lastKnownFileType = folder.assetcatalog; path = Assets.xcassets; sourceTree = "<group>"; };
		558F8E6128D1F6BD00C17077 /* Preview Assets.xcassets */ = {isa = PBXFileReference; lastKnownFileType = folder.assetcatalog; path = "Preview Assets.xcassets"; sourceTree = "<group>"; };
		558F8E6928D2089800C17077 /* RC4.swift */ = {isa = PBXFileReference; lastKnownFileType = sourcecode.swift; path = RC4.swift; sourceTree = "<group>"; };
		558F8E6C28D21B3900C17077 /* MainModel.swift */ = {isa = PBXFileReference; lastKnownFileType = sourcecode.swift; path = MainModel.swift; sourceTree = "<group>"; };
		558F8E7228D227CB00C17077 /* CardInsertView.swift */ = {isa = PBXFileReference; lastKnownFileType = sourcecode.swift; path = CardInsertView.swift; sourceTree = "<group>"; };
		558F8E7428D2383C00C17077 /* NFCReader.swift */ = {isa = PBXFileReference; lastKnownFileType = sourcecode.swift; path = NFCReader.swift; sourceTree = "<group>"; };
		55BE488528D3641800A04F96 /* Notification.Name+Extension.swift */ = {isa = PBXFileReference; lastKnownFileType = sourcecode.swift; path = "Notification.Name+Extension.swift"; sourceTree = "<group>"; };
		55BE488728D37D9100A04F96 /* Real Card.entitlements */ = {isa = PBXFileReference; lastKnownFileType = text.plist.entitlements; path = "Real Card.entitlements"; sourceTree = "<group>"; };
		55BE488828D37E1700A04F96 /* Real-Card-Info.plist */ = {isa = PBXFileReference; lastKnownFileType = text.plist; path = "Real-Card-Info.plist"; sourceTree = SOURCE_ROOT; };
/* End PBXFileReference section */

/* Begin PBXFrameworksBuildPhase section */
		558F8E5428D1F6BC00C17077 /* Frameworks */ = {
			isa = PBXFrameworksBuildPhase;
			buildActionMask = 2147483647;
			files = (
				558F8E7028D2206300C17077 /* SwiftWebSocket in Frameworks */,
			);
			runOnlyForDeploymentPostprocessing = 0;
		};
/* End PBXFrameworksBuildPhase section */

/* Begin PBXGroup section */
		558F8E4E28D1F6BC00C17077 = {
			isa = PBXGroup;
			children = (
				558F8E5928D1F6BC00C17077 /* Real Card */,
				558F8E5828D1F6BC00C17077 /* Products */,
			);
			sourceTree = "<group>";
		};
		558F8E5828D1F6BC00C17077 /* Products */ = {
			isa = PBXGroup;
			children = (
				558F8E5728D1F6BC00C17077 /* Real Card.app */,
			);
			name = Products;
			sourceTree = "<group>";
		};
		558F8E5928D1F6BC00C17077 /* Real Card */ = {
			isa = PBXGroup;
			children = (
				55BE488828D37E1700A04F96 /* Real-Card-Info.plist */,
				55BE488728D37D9100A04F96 /* Real Card.entitlements */,
				55BE488428D363E000A04F96 /* Extensions */,
				558F8E7128D224C200C17077 /* Views */,
				558F8E6B28D21A6F00C17077 /* Classes */,
				558F8E6828D2088900C17077 /* Utils */,
				558F8E5A28D1F6BC00C17077 /* Real_CardApp.swift */,
				558F8E5C28D1F6BC00C17077 /* ContentView.swift */,
				558F8E5E28D1F6BD00C17077 /* Assets.xcassets */,
				558F8E6028D1F6BD00C17077 /* Preview Content */,
			);
			path = "Real Card";
			sourceTree = "<group>";
		};
		558F8E6028D1F6BD00C17077 /* Preview Content */ = {
			isa = PBXGroup;
			children = (
				558F8E6128D1F6BD00C17077 /* Preview Assets.xcassets */,
			);
			path = "Preview Content";
			sourceTree = "<group>";
		};
		558F8E6828D2088900C17077 /* Utils */ = {
			isa = PBXGroup;
			children = (
				558F8E6928D2089800C17077 /* RC4.swift */,
			);
			path = Utils;
			sourceTree = "<group>";
		};
		558F8E6B28D21A6F00C17077 /* Classes */ = {
			isa = PBXGroup;
			children = (
				558F8E7428D2383C00C17077 /* NFCReader.swift */,
				558F8E6C28D21B3900C17077 /* MainModel.swift */,
			);
			path = Classes;
			sourceTree = "<group>";
		};
		558F8E7128D224C200C17077 /* Views */ = {
			isa = PBXGroup;
			children = (
				558F8E7228D227CB00C17077 /* CardInsertView.swift */,
			);
			path = Views;
			sourceTree = "<group>";
		};
		55BE488428D363E000A04F96 /* Extensions */ = {
			isa = PBXGroup;
			children = (
				55BE488528D3641800A04F96 /* Notification.Name+Extension.swift */,
			);
			path = Extensions;
			sourceTree = "<group>";
		};
/* End PBXGroup section */

/* Begin PBXNativeTarget section */
		558F8E5628D1F6BC00C17077 /* Real Card */ = {
			isa = PBXNativeTarget;
			buildConfigurationList = 558F8E6528D1F6BD00C17077 /* Build configuration list for PBXNativeTarget "Real Card" */;
			buildPhases = (
				558F8E5328D1F6BC00C17077 /* Sources */,
				558F8E5428D1F6BC00C17077 /* Frameworks */,
				558F8E5528D1F6BC00C17077 /* Resources */,
			);
			buildRules = (
			);
			dependencies = (
			);
			name = "Real Card";
			packageProductDependencies = (
				558F8E6F28D2206300C17077 /* SwiftWebSocket */,
			);
			productName = "Real Card";
			productReference = 558F8E5728D1F6BC00C17077 /* Real Card.app */;
			productType = "com.apple.product-type.application";
		};
/* End PBXNativeTarget section */

/* Begin PBXProject section */
		558F8E4F28D1F6BC00C17077 /* Project object */ = {
			isa = PBXProject;
			attributes = {
				BuildIndependentTargetsInParallel = 1;
				LastSwiftUpdateCheck = 1340;
				LastUpgradeCheck = 1340;
				TargetAttributes = {
					558F8E5628D1F6BC00C17077 = {
						CreatedOnToolsVersion = 13.4.1;
					};
				};
			};
			buildConfigurationList = 558F8E5228D1F6BC00C17077 /* Build configuration list for PBXProject "Real Card" */;
			compatibilityVersion = "Xcode 13.0";
			developmentRegion = en;
			hasScannedForEncodings = 0;
			knownRegions = (
				en,
				Base,
			);
			mainGroup = 558F8E4E28D1F6BC00C17077;
			packageReferences = (
				558F8E6E28D2206300C17077 /* XCRemoteSwiftPackageReference "SwiftWebSocket" */,
			);
			productRefGroup = 558F8E5828D1F6BC00C17077 /* Products */;
			projectDirPath = "";
			projectRoot = "";
			targets = (
				558F8E5628D1F6BC00C17077 /* Real Card */,
			);
		};
/* End PBXProject section */

/* Begin PBXResourcesBuildPhase section */
		558F8E5528D1F6BC00C17077 /* Resources */ = {
			isa = PBXResourcesBuildPhase;
			buildActionMask = 2147483647;
			files = (
				558F8E6228D1F6BD00C17077 /* Preview Assets.xcassets in Resources */,
				558F8E5F28D1F6BD00C17077 /* Assets.xcassets in Resources */,
			);
			runOnlyForDeploymentPostprocessing = 0;
		};
/* End PBXResourcesBuildPhase section */

/* Begin PBXSourcesBuildPhase section */
		558F8E5328D1F6BC00C17077 /* Sources */ = {
			isa = PBXSourcesBuildPhase;
			buildActionMask = 2147483647;
			files = (
				558F8E6D28D21B3900C17077 /* MainModel.swift in Sources */,
				55BE488628D3641800A04F96 /* Notification.Name+Extension.swift in Sources */,
				558F8E6A28D2089800C17077 /* RC4.swift in Sources */,
				558F8E7528D2383C00C17077 /* NFCReader.swift in Sources */,
				558F8E7328D227CB00C17077 /* CardInsertView.swift in Sources */,
				558F8E5D28D1F6BC00C17077 /* ContentView.swift in Sources */,
				558F8E5B28D1F6BC00C17077 /* Real_CardApp.swift in Sources */,
			);
			runOnlyForDeploymentPostprocessing = 0;
		};
/* End PBXSourcesBuildPhase section */

/* Begin XCBuildConfiguration section */
		558F8E6328D1F6BD00C17077 /* Debug */ = {
			isa = XCBuildConfiguration;
			buildSettings = {
				ALWAYS_SEARCH_USER_PATHS = NO;
				CLANG_ANALYZER_NONNULL = YES;
				CLANG_ANALYZER_NUMBER_OBJECT_CONVERSION = YES_AGGRESSIVE;
				CLANG_CXX_LANGUAGE_STANDARD = "gnu++17";
				CLANG_ENABLE_MODULES = YES;
				CLANG_ENABLE_OBJC_ARC = YES;
				CLANG_ENABLE_OBJC_WEAK = YES;
				CLANG_WARN_BLOCK_CAPTURE_AUTORELEASING = YES;
				CLANG_WARN_BOOL_CONVERSION = YES;
				CLANG_WARN_COMMA = YES;
				CLANG_WARN_CONSTANT_CONVERSION = YES;
				CLANG_WARN_DEPRECATED_OBJC_IMPLEMENTATIONS = YES;
				CLANG_WARN_DIRECT_OBJC_ISA_USAGE = YES_ERROR;
				CLANG_WARN_DOCUMENTATION_COMMENTS = YES;
				CLANG_WARN_EMPTY_BODY = YES;
				CLANG_WARN_ENUM_CONVERSION = YES;
				CLANG_WARN_INFINITE_RECURSION = YES;
				CLANG_WARN_INT_CONVERSION = YES;
				CLANG_WARN_NON_LITERAL_NULL_CONVERSION = YES;
				CLANG_WARN_OBJC_IMPLICIT_RETAIN_SELF = YES;
				CLANG_WARN_OBJC_LITERAL_CONVERSION = YES;
				CLANG_WARN_OBJC_ROOT_CLASS = YES_ERROR;
				CLANG_WARN_QUOTED_INCLUDE_IN_FRAMEWORK_HEADER = YES;
				CLANG_WARN_RANGE_LOOP_ANALYSIS = YES;
				CLANG_WARN_STRICT_PROTOTYPES = YES;
				CLANG_WARN_SUSPICIOUS_MOVE = YES;
				CLANG_WARN_UNGUARDED_AVAILABILITY = YES_AGGRESSIVE;
				CLANG_WARN_UNREACHABLE_CODE = YES;
				CLANG_WARN__DUPLICATE_METHOD_MATCH = YES;
				COPY_PHASE_STRIP = NO;
				DEBUG_INFORMATION_FORMAT = dwarf;
				ENABLE_STRICT_OBJC_MSGSEND = YES;
				ENABLE_TESTABILITY = YES;
				GCC_C_LANGUAGE_STANDARD = gnu11;
				GCC_DYNAMIC_NO_PIC = NO;
				GCC_NO_COMMON_BLOCKS = YES;
				GCC_OPTIMIZATION_LEVEL = 0;
				GCC_PREPROCESSOR_DEFINITIONS = (
					"DEBUG=1",
					"$(inherited)",
				);
				GCC_WARN_64_TO_32_BIT_CONVERSION = YES;
				GCC_WARN_ABOUT_RETURN_TYPE = YES_ERROR;
				GCC_WARN_UNDECLARED_SELECTOR = YES;
				GCC_WARN_UNINITIALIZED_AUTOS = YES_AGGRESSIVE;
				GCC_WARN_UNUSED_FUNCTION = YES;
				GCC_WARN_UNUSED_VARIABLE = YES;
				IPHONEOS_DEPLOYMENT_TARGET = 15.0;
				MTL_ENABLE_DEBUG_INFO = INCLUDE_SOURCE;
				MTL_FAST_MATH = YES;
				ONLY_ACTIVE_ARCH = YES;
				SDKROOT = iphoneos;
				SWIFT_ACTIVE_COMPILATION_CONDITIONS = DEBUG;
				SWIFT_OPTIMIZATION_LEVEL = "-Onone";
			};
			name = Debug;
		};
		558F8E6428D1F6BD00C17077 /* Release */ = {
			isa = XCBuildConfiguration;
			buildSettings = {
				ALWAYS_SEARCH_USER_PATHS = NO;
				CLANG_ANALYZER_NONNULL = YES;
				CLANG_ANALYZER_NUMBER_OBJECT_CONVERSION = YES_AGGRESSIVE;
				CLANG_CXX_LANGUAGE_STANDARD = "gnu++17";
				CLANG_ENABLE_MODULES = YES;
				CLANG_ENABLE_OBJC_ARC = YES;
				CLANG_ENABLE_OBJC_WEAK = YES;
				CLANG_WARN_BLOCK_CAPTURE_AUTORELEASING = YES;
				CLANG_WARN_BOOL_CONVERSION = YES;
				CLANG_WARN_COMMA = YES;
				CLANG_WARN_CONSTANT_CONVERSION = YES;
				CLANG_WARN_DEPRECATED_OBJC_IMPLEMENTATIONS = YES;
				CLANG_WARN_DIRECT_OBJC_ISA_USAGE = YES_ERROR;
				CLANG_WARN_DOCUMENTATION_COMMENTS = YES;
				CLANG_WARN_EMPTY_BODY = YES;
				CLANG_WARN_ENUM_CONVERSION = YES;
				CLANG_WARN_INFINITE_RECURSION = YES;
				CLANG_WARN_INT_CONVERSION = YES;
				CLANG_WARN_NON_LITERAL_NULL_CONVERSION = YES;
				CLANG_WARN_OBJC_IMPLICIT_RETAIN_SELF = YES;
				CLANG_WARN_OBJC_LITERAL_CONVERSION = YES;
				CLANG_WARN_OBJC_ROOT_CLASS = YES_ERROR;
				CLANG_WARN_QUOTED_INCLUDE_IN_FRAMEWORK_HEADER = YES;
				CLANG_WARN_RANGE_LOOP_ANALYSIS = YES;
				CLANG_WARN_STRICT_PROTOTYPES = YES;
				CLANG_WARN_SUSPICIOUS_MOVE = YES;
				CLANG_WARN_UNGUARDED_AVAILABILITY = YES_AGGRESSIVE;
				CLANG_WARN_UNREACHABLE_CODE = YES;
				CLANG_WARN__DUPLICATE_METHOD_MATCH = YES;
				COPY_PHASE_STRIP = NO;
				DEBUG_INFORMATION_FORMAT = "dwarf-with-dsym";
				ENABLE_NS_ASSERTIONS = NO;
				ENABLE_STRICT_OBJC_MSGSEND = YES;
				GCC_C_LANGUAGE_STANDARD = gnu11;
				GCC_NO_COMMON_BLOCKS = YES;
				GCC_WARN_64_TO_32_BIT_CONVERSION = YES;
				GCC_WARN_ABOUT_RETURN_TYPE = YES_ERROR;
				GCC_WARN_UNDECLARED_SELECTOR = YES;
				GCC_WARN_UNINITIALIZED_AUTOS = YES_AGGRESSIVE;
				GCC_WARN_UNUSED_FUNCTION = YES;
				GCC_WARN_UNUSED_VARIABLE = YES;
				IPHONEOS_DEPLOYMENT_TARGET = 15.0;
				MTL_ENABLE_DEBUG_INFO = NO;
				MTL_FAST_MATH = YES;
				SDKROOT = iphoneos;
				SWIFT_COMPILATION_MODE = wholemodule;
				SWIFT_OPTIMIZATION_LEVEL = "-O";
				VALIDATE_PRODUCT = YES;
			};
			name = Release;
		};
		558F8E6628D1F6BD00C17077 /* Debug */ = {
			isa = XCBuildConfiguration;
			buildSettings = {
				ASSETCATALOG_COMPILER_APPICON_NAME = AppIcon;
				ASSETCATALOG_COMPILER_GLOBAL_ACCENT_COLOR_NAME = AccentColor;
				CODE_SIGN_ENTITLEMENTS = "Real Card/Real Card.entitlements";
				CODE_SIGN_STYLE = Automatic;
				CURRENT_PROJECT_VERSION = 1;
				DEVELOPMENT_ASSET_PATHS = "\"Real Card/Preview Content\"";
				DEVELOPMENT_TEAM = 32Z9KZZ4PU;
				ENABLE_PREVIEWS = YES;
				GENERATE_INFOPLIST_FILE = YES;
				INFOPLIST_FILE = "Real-Card-Info.plist";
				INFOPLIST_KEY_NFCReaderUsageDescription = "Real Card requires you to enable NFC Scan to read the Amuement IC and/or e-amusement card.";
				INFOPLIST_KEY_UIApplicationSceneManifest_Generation = YES;
				INFOPLIST_KEY_UIApplicationSupportsIndirectInputEvents = YES;
				INFOPLIST_KEY_UILaunchScreen_Generation = YES;
				INFOPLIST_KEY_UISupportedInterfaceOrientations_iPad = "UIInterfaceOrientationPortrait UIInterfaceOrientationPortraitUpsideDown UIInterfaceOrientationLandscapeLeft UIInterfaceOrientationLandscapeRight";
				INFOPLIST_KEY_UISupportedInterfaceOrientations_iPhone = "UIInterfaceOrientationPortrait UIInterfaceOrientationLandscapeLeft UIInterfaceOrientationLandscapeRight";
				LD_RUNPATH_SEARCH_PATHS = (
					"$(inherited)",
					"@executable_path/Frameworks",
				);
				MARKETING_VERSION = 1.0;
				PRODUCT_BUNDLE_IDENTIFIER = "xyz.helloyunho.Real-Card";
				PRODUCT_NAME = "$(TARGET_NAME)";
				SWIFT_EMIT_LOC_STRINGS = YES;
				SWIFT_VERSION = 5.0;
				TARGETED_DEVICE_FAMILY = "1,2";
			};
			name = Debug;
		};
		558F8E6728D1F6BD00C17077 /* Release */ = {
			isa = XCBuildConfiguration;
			buildSettings = {
				ASSETCATALOG_COMPILER_APPICON_NAME = AppIcon;
				ASSETCATALOG_COMPILER_GLOBAL_ACCENT_COLOR_NAME = AccentColor;
				CODE_SIGN_ENTITLEMENTS = "Real Card/Real Card.entitlements";
				CODE_SIGN_STYLE = Automatic;
				CURRENT_PROJECT_VERSION = 1;
				DEVELOPMENT_ASSET_PATHS = "\"Real Card/Preview Content\"";
				DEVELOPMENT_TEAM = 32Z9KZZ4PU;
				ENABLE_PREVIEWS = YES;
				GENERATE_INFOPLIST_FILE = YES;
				INFOPLIST_FILE = "Real-Card-Info.plist";
				INFOPLIST_KEY_NFCReaderUsageDescription = "Real Card requires you to enable NFC Scan to read the Amuement IC and/or e-amusement card.";
				INFOPLIST_KEY_UIApplicationSceneManifest_Generation = YES;
				INFOPLIST_KEY_UIApplicationSupportsIndirectInputEvents = YES;
				INFOPLIST_KEY_UILaunchScreen_Generation = YES;
				INFOPLIST_KEY_UISupportedInterfaceOrientations_iPad = "UIInterfaceOrientationPortrait UIInterfaceOrientationPortraitUpsideDown UIInterfaceOrientationLandscapeLeft UIInterfaceOrientationLandscapeRight";
				INFOPLIST_KEY_UISupportedInterfaceOrientations_iPhone = "UIInterfaceOrientationPortrait UIInterfaceOrientationLandscapeLeft UIInterfaceOrientationLandscapeRight";
				LD_RUNPATH_SEARCH_PATHS = (
					"$(inherited)",
					"@executable_path/Frameworks",
				);
				MARKETING_VERSION = 1.0;
				PRODUCT_BUNDLE_IDENTIFIER = "xyz.helloyunho.Real-Card";
				PRODUCT_NAME = "$(TARGET_NAME)";
				SWIFT_EMIT_LOC_STRINGS = YES;
				SWIFT_VERSION = 5.0;
				TARGETED_DEVICE_FAMILY = "1,2";
			};
			name = Release;
		};
/* End XCBuildConfiguration section */

/* Begin XCConfigurationList section */
		558F8E5228D1F6BC00C17077 /* Build configuration list for PBXProject "Real Card" */ = {
			isa = XCConfigurationList;
			buildConfigurations = (
				558F8E6328D1F6BD00C17077 /* Debug */,
				558F8E6428D1F6BD00C17077 /* Release */,
			);
			defaultConfigurationIsVisible = 0;
			defaultConfigurationName = Release;
		};
		558F8E6528D1F6BD00C17077 /* Build configuration list for PBXNativeTarget "Real Card" */ = {
			isa = XCConfigurationList;
			buildConfigurations = (
				558F8E6628D1F6BD00C17077 /* Debug */,
				558F8E6728D1F6BD00C17077 /* Release */,
			);
			defaultConfigurationIsVisible = 0;
			defaultConfigurationName = Release;
		};
/* End XCConfigurationList section */

/* Begin XCRemoteSwiftPackageReference section */
		558F8E6E28D2206300C17077 /* XCRemoteSwiftPackageReference "SwiftWebSocket" */ = {
			isa = XCRemoteSwiftPackageReference;
			repositoryURL = "https://github.com/SwiftSimpers/SwiftWebSocket";
			requirement = {
				branch = main;
				kind = branch;
			};
		};
/* End XCRemoteSwiftPackageReference section */

/* Begin XCSwiftPackageProductDependency section */
		558F8E6F28D2206300C17077 /* SwiftWebSocket */ = {
			isa = XCSwiftPackageProductDependency;
			package = 558F8E6E28D2206300C17077 /* XCRemoteSwiftPackageReference "SwiftWebSocket" */;
			productName = SwiftWebSocket;
		};
/* End XCSwiftPackageProductDependency section */
	};
	rootObject = 558F8E4F28D1F6BC00C17077 /* Project object */;
}
